
Microsoft Visual Studio Solution File, Format Version 12.00
# Visual Studio Version 16
VisualStudioVersion = 16.0.30503.244
MinimumVisualStudioVersion = 10.0.40219.1
Project("{FAE04EC0-301F-11D3-BF4B-00C04F79EFBC}") = "CountingSort", "CountingSort.csproj", "{E1C9C1E0-36DE-4446-92D3-AD2E06E918EB}"
EndProject
Global
	GlobalSection(SolutionConfigurationPlatforms) = preSolution
		Debug|Any CPU = Debug|Any CPU
		Release|Any CPU = Release|Any CPU
	EndGlobalSection
	GlobalSection(ProjectConfigurationPlatforms) = postSolution
		{E1C9C1E0-36DE-4446-92D3-AD2E06E918EB}.Debug|Any CPU.ActiveCfg = Debug|Any CPU
		{E1C9C1E0-36DE-4446-92D3-AD2E06E918EB}.Debug|Any CPU.Build.0 = Debug|Any CPU
		{E1C9C1E0-36DE-4446-92D3-AD2E06E918EB}.Release|Any CPU.ActiveCfg = Release|Any CPU
		{E1C9C1E0-36DE-4446-92D3-AD2E06E918EB}.Release|Any CPU.Build.0 = Release|Any CPU
	EndGlobalSection
	GlobalSection(SolutionProperties) = preSolution
		HideSolutionNode = FALSE
	EndGlobalSection
	GlobalSection(ExtensibilityGlobals) = postSolution
		SolutionGuid = {62A62CB3-DACE-44E0-BD61-2441C94FCC3B}
	EndGlobalSection
EndGlobal
