
Microsoft Visual Studio Solution File, Format Version 12.00
# Visual Studio Version 16
VisualStudioVersion = 16.0.30517.126
MinimumVisualStudioVersion = 10.0.40219.1
Project("{FAE04EC0-301F-11D3-BF4B-00C04F79EFBC}") = "HeapList", "HeapList.csproj", "{07C29013-20F3-442A-86C9-A1FA55BB0E2A}"
EndProject
Global
	GlobalSection(SolutionConfigurationPlatforms) = preSolution
		Debug|Any CPU = Debug|Any CPU
		Release|Any CPU = Release|Any CPU
	EndGlobalSection
	GlobalSection(ProjectConfigurationPlatforms) = postSolution
		{07C29013-20F3-442A-86C9-A1FA55BB0E2A}.Debug|Any CPU.ActiveCfg = Debug|Any CPU
		{07C29013-20F3-442A-86C9-A1FA55BB0E2A}.Debug|Any CPU.Build.0 = Debug|Any CPU
		{07C29013-20F3-442A-86C9-A1FA55BB0E2A}.Release|Any CPU.ActiveCfg = Release|Any CPU
		{07C29013-20F3-442A-86C9-A1FA55BB0E2A}.Release|Any CPU.Build.0 = Release|Any CPU
	EndGlobalSection
	GlobalSection(SolutionProperties) = preSolution
		HideSolutionNode = FALSE
	EndGlobalSection
	GlobalSection(ExtensibilityGlobals) = postSolution
		SolutionGuid = {7B4EDFA9-2D53-4643-8B89-AB599AD26671}
	EndGlobalSection
EndGlobal
